
Microsoft Visual Studio Solution File, Format Version 12.00
# Visual Studio Version 17
VisualStudioVersion = 17.2.32516.85
MinimumVisualStudioVersion = 10.0.40219.1
Project("{FAE04EC0-301F-11D3-BF4B-00C04F79EFBC}") = "BusinessLogicLayer", "BusinessLogicLayer\BusinessLogicLayer.csproj", "{7C059A32-728B-4616-ABA1-9AC6EA0AC071}"
EndProject
Project("{FAE04EC0-301F-11D3-BF4B-00C04F79EFBC}") = "PresentationLevel", "PresentationLevel\PresentationLevel.csproj", "{3CC17C4F-B6C6-4C2C-B72D-20CE8D1E3A20}"
EndProject
Project("{FAE04EC0-301F-11D3-BF4B-00C04F79EFBC}") = "DataAccessLayer", "DataAccessLayer\DataAccessLayer.csproj", "{BEA041D1-3804-4580-971E-61379EDE5B1D}"
EndProject
Global
	GlobalSection(SolutionConfigurationPlatforms) = preSolution
		Debug|Any CPU = Debug|Any CPU
		Release|Any CPU = Release|Any CPU
	EndGlobalSection
	GlobalSection(ProjectConfigurationPlatforms) = postSolution
		{7C059A32-728B-4616-ABA1-9AC6EA0AC071}.Debug|Any CPU.ActiveCfg = Debug|Any CPU
		{7C059A32-728B-4616-ABA1-9AC6EA0AC071}.Debug|Any CPU.Build.0 = Debug|Any CPU
		{7C059A32-728B-4616-ABA1-9AC6EA0AC071}.Release|Any CPU.ActiveCfg = Release|Any CPU
		{7C059A32-728B-4616-ABA1-9AC6EA0AC071}.Release|Any CPU.Build.0 = Release|Any CPU
		{3CC17C4F-B6C6-4C2C-B72D-20CE8D1E3A20}.Debug|Any CPU.ActiveCfg = Debug|Any CPU
		{3CC17C4F-B6C6-4C2C-B72D-20CE8D1E3A20}.Debug|Any CPU.Build.0 = Debug|Any CPU
		{3CC17C4F-B6C6-4C2C-B72D-20CE8D1E3A20}.Release|Any CPU.ActiveCfg = Release|Any CPU
		{3CC17C4F-B6C6-4C2C-B72D-20CE8D1E3A20}.Release|Any CPU.Build.0 = Release|Any CPU
		{BEA041D1-3804-4580-971E-61379EDE5B1D}.Debug|Any CPU.ActiveCfg = Debug|Any CPU
		{BEA041D1-3804-4580-971E-61379EDE5B1D}.Debug|Any CPU.Build.0 = Debug|Any CPU
		{BEA041D1-3804-4580-971E-61379EDE5B1D}.Release|Any CPU.ActiveCfg = Release|Any CPU
		{BEA041D1-3804-4580-971E-61379EDE5B1D}.Release|Any CPU.Build.0 = Release|Any CPU
	EndGlobalSection
	GlobalSection(SolutionProperties) = preSolution
		HideSolutionNode = FALSE
	EndGlobalSection
	GlobalSection(ExtensibilityGlobals) = postSolution
		SolutionGuid = {3000D461-7F0C-4E0B-ADE5-FF7BDBB816DB}
	EndGlobalSection
EndGlobal
